
Microsoft Visual Studio Solution File, Format Version 12.00
# Visual Studio Version 16
VisualStudioVersion = 16.0.31911.196
MinimumVisualStudioVersion = 10.0.40219.1
Project("{FAE04EC0-301F-11D3-BF4B-00C04F79EFBC}") = "PDF_Data", "PDF_Data\PDF_Data.csproj", "{D707AB27-39EE-480B-B1F1-C2C5049659BA}"
EndProject
Project("{FAE04EC0-301F-11D3-BF4B-00C04F79EFBC}") = "UnitTest", "UnitTest\UnitTest.csproj", "{D8320BB4-2C38-4A6D-B794-6C1AE9F55563}"
EndProject
Global
	GlobalSection(SolutionConfigurationPlatforms) = preSolution
		Debug|Any CPU = Debug|Any CPU
		Release|Any CPU = Release|Any CPU
	EndGlobalSection
	GlobalSection(ProjectConfigurationPlatforms) = postSolution
		{D707AB27-39EE-480B-B1F1-C2C5049659BA}.Debug|Any CPU.ActiveCfg = Debug|Any CPU
		{D707AB27-39EE-480B-B1F1-C2C5049659BA}.Debug|Any CPU.Build.0 = Debug|Any CPU
		{D707AB27-39EE-480B-B1F1-C2C5049659BA}.Release|Any CPU.ActiveCfg = Release|Any CPU
		{D707AB27-39EE-480B-B1F1-C2C5049659BA}.Release|Any CPU.Build.0 = Release|Any CPU
		{D8320BB4-2C38-4A6D-B794-6C1AE9F55563}.Debug|Any CPU.ActiveCfg = Debug|Any CPU
		{D8320BB4-2C38-4A6D-B794-6C1AE9F55563}.Debug|Any CPU.Build.0 = Debug|Any CPU
		{D8320BB4-2C38-4A6D-B794-6C1AE9F55563}.Release|Any CPU.ActiveCfg = Release|Any CPU
		{D8320BB4-2C38-4A6D-B794-6C1AE9F55563}.Release|Any CPU.Build.0 = Release|Any CPU
	EndGlobalSection
	GlobalSection(SolutionProperties) = preSolution
		HideSolutionNode = FALSE
	EndGlobalSection
	GlobalSection(ExtensibilityGlobals) = postSolution
		SolutionGuid = {668FF441-EC1D-4A08-8A64-CF5B00F9E9A8}
	EndGlobalSection
EndGlobal
